
Microsoft Visual Studio Solution File, Format Version 12.00
# Visual Studio Version 16
VisualStudioVersion = 16.0.33927.289
MinimumVisualStudioVersion = 10.0.40219.1
Project("{FAE04EC0-301F-11D3-BF4B-00C04F79EFBC}") = "Tyuiu.IvanovJD.Sprint4.TaskReview.V26.Lib", "Tyuiu.IvanovJD.Sprint4.TaskReview.V26.Lib\Tyuiu.IvanovJD.Sprint4.TaskReview.V26.Lib.csproj", "{6F5EA0BB-DF51-44DC-85CD-B5FCF1DF90A3}"
EndProject
Project("{FAE04EC0-301F-11D3-BF4B-00C04F79EFBC}") = "Tyuiu.IvanovJD.Sprint4.TaskReview.V26", "Tyuiu.IvanovJD.Sprint4.TaskReview.V26\Tyuiu.IvanovJD.Sprint4.TaskReview.V26.csproj", "{A667F09C-8F04-4588-8B05-D8B463925BFE}"
EndProject
Project("{FAE04EC0-301F-11D3-BF4B-00C04F79EFBC}") = "Tyuiu.IvanovJD.Sprint4.TaskReview.V26.Test", "Tyuiu.IvanovJD.Sprint4.TaskReview.V26.Test\Tyuiu.IvanovJD.Sprint4.TaskReview.V26.Test.csproj", "{8CCA7DF3-76FA-4304-BD10-CE229AF34403}"
EndProject
Global
	GlobalSection(SolutionConfigurationPlatforms) = preSolution
		Debug|Any CPU = Debug|Any CPU
		Release|Any CPU = Release|Any CPU
	EndGlobalSection
	GlobalSection(ProjectConfigurationPlatforms) = postSolution
		{6F5EA0BB-DF51-44DC-85CD-B5FCF1DF90A3}.Debug|Any CPU.ActiveCfg = Debug|Any CPU
		{6F5EA0BB-DF51-44DC-85CD-B5FCF1DF90A3}.Debug|Any CPU.Build.0 = Debug|Any CPU
		{6F5EA0BB-DF51-44DC-85CD-B5FCF1DF90A3}.Release|Any CPU.ActiveCfg = Release|Any CPU
		{6F5EA0BB-DF51-44DC-85CD-B5FCF1DF90A3}.Release|Any CPU.Build.0 = Release|Any CPU
		{A667F09C-8F04-4588-8B05-D8B463925BFE}.Debug|Any CPU.ActiveCfg = Debug|Any CPU
		{A667F09C-8F04-4588-8B05-D8B463925BFE}.Debug|Any CPU.Build.0 = Debug|Any CPU
		{A667F09C-8F04-4588-8B05-D8B463925BFE}.Release|Any CPU.ActiveCfg = Release|Any CPU
		{A667F09C-8F04-4588-8B05-D8B463925BFE}.Release|Any CPU.Build.0 = Release|Any CPU
		{8CCA7DF3-76FA-4304-BD10-CE229AF34403}.Debug|Any CPU.ActiveCfg = Debug|Any CPU
		{8CCA7DF3-76FA-4304-BD10-CE229AF34403}.Debug|Any CPU.Build.0 = Debug|Any CPU
		{8CCA7DF3-76FA-4304-BD10-CE229AF34403}.Release|Any CPU.ActiveCfg = Release|Any CPU
		{8CCA7DF3-76FA-4304-BD10-CE229AF34403}.Release|Any CPU.Build.0 = Release|Any CPU
	EndGlobalSection
	GlobalSection(SolutionProperties) = preSolution
		HideSolutionNode = FALSE
	EndGlobalSection
	GlobalSection(ExtensibilityGlobals) = postSolution
		SolutionGuid = {EFEDBF5F-3CA3-4D55-8FDE-52B30E45DC91}
	EndGlobalSection
EndGlobal
